// !$*UTF8*$!
{
	archiveVersion = 1;
	classes = {
	};
	objectVersion = 50;
	objects = {

/* Begin PBXBuildFile section */
		EBA7FE292109E6FD00BF9F8F /* AppDelegate.swift in Sources */ = {isa = PBXBuildFile; fileRef = EBA7FE282109E6FD00BF9F8F /* AppDelegate.swift */; };
		EBA7FE2B2109E6FD00BF9F8F /* ViewController.swift in Sources */ = {isa = PBXBuildFile; fileRef = EBA7FE2A2109E6FD00BF9F8F /* ViewController.swift */; };
		EBA7FE2E2109E6FD00BF9F8F /* Main.storyboard in Resources */ = {isa = PBXBuildFile; fileRef = EBA7FE2C2109E6FD00BF9F8F /* Main.storyboard */; };
		EBA7FE302109E6FE00BF9F8F /* Assets.xcassets in Resources */ = {isa = PBXBuildFile; fileRef = EBA7FE2F2109E6FE00BF9F8F /* Assets.xcassets */; };
		EBA7FE332109E6FE00BF9F8F /* LaunchScreen.storyboard in Resources */ = {isa = PBXBuildFile; fileRef = EBA7FE312109E6FE00BF9F8F /* LaunchScreen.storyboard */; };
		EBA7FE3B2109E7E800BF9F8F /* MobileNet.mlmodel in Sources */ = {isa = PBXBuildFile; fileRef = EBA7FE3A2109E7E800BF9F8F /* MobileNet.mlmodel */; };
/* End PBXBuildFile section */

/* Begin PBXFileReference section */
		EBA7FE252109E6FD00BF9F8F /* ml.app */ = {isa = PBXFileReference; explicitFileType = wrapper.application; includeInIndex = 0; path = ml.app; sourceTree = BUILT_PRODUCTS_DIR; };
		EBA7FE282109E6FD00BF9F8F /* AppDelegate.swift */ = {isa = PBXFileReference; lastKnownFileType = sourcecode.swift; path = AppDelegate.swift; sourceTree = "<group>"; };
		EBA7FE2A2109E6FD00BF9F8F /* ViewController.swift */ = {isa = PBXFileReference; lastKnownFileType = sourcecode.swift; path = ViewController.swift; sourceTree = "<group>"; };
		EBA7FE2D2109E6FD00BF9F8F /* Base */ = {isa = PBXFileReference; lastKnownFileType = file.storyboard; name = Base; path = Base.lproj/Main.storyboard; sourceTree = "<group>"; };
		EBA7FE2F2109E6FE00BF9F8F /* Assets.xcassets */ = {isa = PBXFileReference; lastKnownFileType = folder.assetcatalog; path = Assets.xcassets; sourceTree = "<group>"; };
		EBA7FE322109E6FE00BF9F8F /* Base */ = {isa = PBXFileReference; lastKnownFileType = file.storyboard; name = Base; path = Base.lproj/LaunchScreen.storyboard; sourceTree = "<group>"; };
		EBA7FE342109E6FE00BF9F8F /* Info.plist */ = {isa = PBXFileReference; lastKnownFileType = text.plist.xml; path = Info.plist; sourceTree = "<group>"; };
		EBA7FE3A2109E7E800BF9F8F /* MobileNet.mlmodel */ = {isa = PBXFileReference; lastKnownFileType = file.mlmodel; path = MobileNet.mlmodel; sourceTree = "<group>"; };
/* End PBXFileReference section */

/* Begin PBXFrameworksBuildPhase section */
		EBA7FE222109E6FD00BF9F8F /* Frameworks */ = {
			isa = PBXFrameworksBuildPhase;
			buildActionMask = 2147483647;
			files = (
			);
			runOnlyForDeploymentPostprocessing = 0;
		};
/* End PBXFrameworksBuildPhase section */

/* Begin PBXGroup section */
		EBA7FE1C2109E6FD00BF9F8F = {
			isa = PBXGroup;
			children = (
				EBA7FE272109E6FD00BF9F8F /* ml */,
				EBA7FE262109E6FD00BF9F8F /* Products */,
			);
			sourceTree = "<group>";
		};
		EBA7FE262109E6FD00BF9F8F /* Products */ = {
			isa = PBXGroup;
			children = (
				EBA7FE252109E6FD00BF9F8F /* ml.app */,
			);
			name = Products;
			sourceTree = "<group>";
		};
		EBA7FE272109E6FD00BF9F8F /* ml */ = {
			isa = PBXGroup;
			children = (
				EBA7FE282109E6FD00BF9F8F /* AppDelegate.swift */,
				EBA7FE3A2109E7E800BF9F8F /* MobileNet.mlmodel */,
				EBA7FE2A2109E6FD00BF9F8F /* ViewController.swift */,
				EBA7FE2C2109E6FD00BF9F8F /* Main.storyboard */,
				EBA7FE2F2109E6FE00BF9F8F /* Assets.xcassets */,
				EBA7FE312109E6FE00BF9F8F /* LaunchScreen.storyboard */,
				EBA7FE342109E6FE00BF9F8F /* Info.plist */,
			);
			path = ml;
			sourceTree = "<group>";
		};
/* End PBXGroup section */

/* Begin PBXNativeTarget section */
		EBA7FE242109E6FD00BF9F8F /* ml */ = {
			isa = PBXNativeTarget;
			buildConfigurationList = EBA7FE372109E6FE00BF9F8F /* Build configuration list for PBXNativeTarget "ml" */;
			buildPhases = (
				EBA7FE212109E6FD00BF9F8F /* Sources */,
				EBA7FE222109E6FD00BF9F8F /* Frameworks */,
				EBA7FE232109E6FD00BF9F8F /* Resources */,
			);
			buildRules = (
			);
			dependencies = (
			);
			name = ml;
			productName = ml;
			productReference = EBA7FE252109E6FD00BF9F8F /* ml.app */;
			productType = "com.apple.product-type.application";
		};
/* End PBXNativeTarget section */

/* Begin PBXProject section */
		EBA7FE1D2109E6FD00BF9F8F /* Project object */ = {
			isa = PBXProject;
			attributes = {
				LastSwiftUpdateCheck = 0940;
				LastUpgradeCheck = 0940;
				ORGANIZATIONNAME = chocovayashi;
				TargetAttributes = {
					EBA7FE242109E6FD00BF9F8F = {
						CreatedOnToolsVersion = 9.4;
					};
				};
			};
			buildConfigurationList = EBA7FE202109E6FD00BF9F8F /* Build configuration list for PBXProject "ml" */;
			compatibilityVersion = "Xcode 9.3";
			developmentRegion = en;
			hasScannedForEncodings = 0;
			knownRegions = (
				en,
				Base,
			);
			mainGroup = EBA7FE1C2109E6FD00BF9F8F;
			productRefGroup = EBA7FE262109E6FD00BF9F8F /* Products */;
			projectDirPath = "";
			projectRoot = "";
			targets = (
				EBA7FE242109E6FD00BF9F8F /* ml */,
			);
		};
/* End PBXProject section */

/* Begin PBXResourcesBuildPhase section */
		EBA7FE232109E6FD00BF9F8F /* Resources */ = {
			isa = PBXResourcesBuildPhase;
			buildActionMask = 2147483647;
			files = (
				EBA7FE332109E6FE00BF9F8F /* LaunchScreen.storyboard in Resources */,
				EBA7FE302109E6FE00BF9F8F /* Assets.xcassets in Resources */,
				EBA7FE2E2109E6FD00BF9F8F /* Main.storyboard in Resources */,
			);
			runOnlyForDeploymentPostprocessing = 0;
		};
/* End PBXResourcesBuildPhase section */

/* Begin PBXSourcesBuildPhase section */
		EBA7FE212109E6FD00BF9F8F /* Sources */ = {
			isa = PBXSourcesBuildPhase;
			buildActionMask = 2147483647;
			files = (
				EBA7FE2B2109E6FD00BF9F8F /* ViewController.swift in Sources */,
				EBA7FE292109E6FD00BF9F8F /* AppDelegate.swift in Sources */,
				EBA7FE3B2109E7E800BF9F8F /* MobileNet.mlmodel in Sources */,
			);
			runOnlyForDeploymentPostprocessing = 0;
		};
/* End PBXSourcesBuildPhase section */

/* Begin PBXVariantGroup section */
		EBA7FE2C2109E6FD00BF9F8F /* Main.storyboard */ = {
			isa = PBXVariantGroup;
			children = (
				EBA7FE2D2109E6FD00BF9F8F /* Base */,
			);
			name = Main.storyboard;
			sourceTree = "<group>";
		};
		EBA7FE312109E6FE00BF9F8F /* LaunchScreen.storyboard */ = {
			isa = PBXVariantGroup;
			children = (
				EBA7FE322109E6FE00BF9F8F /* Base */,
			);
			name = LaunchScreen.storyboard;
			sourceTree = "<group>";
		};
/* End PBXVariantGroup section */

/* Begin XCBuildConfiguration section */
		EBA7FE352109E6FE00BF9F8F /* Debug */ = {
			isa = XCBuildConfiguration;
			buildSettings = {
				ALWAYS_SEARCH_USER_PATHS = NO;
				CLANG_ANALYZER_NONNULL = YES;
				CLANG_ANALYZER_NUMBER_OBJECT_CONVERSION = YES_AGGRESSIVE;
				CLANG_CXX_LANGUAGE_STANDARD = "gnu++14";
				CLANG_CXX_LIBRARY = "libc++";
				CLANG_ENABLE_MODULES = YES;
				CLANG_ENABLE_OBJC_ARC = YES;
				CLANG_ENABLE_OBJC_WEAK = YES;
				CLANG_WARN_BLOCK_CAPTURE_AUTORELEASING = YES;
				CLANG_WARN_BOOL_CONVERSION = YES;
				CLANG_WARN_COMMA = YES;
				CLANG_WARN_CONSTANT_CONVERSION = YES;
				CLANG_WARN_DEPRECATED_OBJC_IMPLEMENTATIONS = YES;
				CLANG_WARN_DIRECT_OBJC_ISA_USAGE = YES_ERROR;
				CLANG_WARN_DOCUMENTATION_COMMENTS = YES;
				CLANG_WARN_EMPTY_BODY = YES;
				CLANG_WARN_ENUM_CONVERSION = YES;
				CLANG_WARN_INFINITE_RECURSION = YES;
				CLANG_WARN_INT_CONVERSION = YES;
				CLANG_WARN_NON_LITERAL_NULL_CONVERSION = YES;
				CLANG_WARN_OBJC_IMPLICIT_RETAIN_SELF = YES;
				CLANG_WARN_OBJC_LITERAL_CONVERSION = YES;
				CLANG_WARN_OBJC_ROOT_CLASS = YES_ERROR;
				CLANG_WARN_RANGE_LOOP_ANALYSIS = YES;
				CLANG_WARN_STRICT_PROTOTYPES = YES;
				CLANG_WARN_SUSPICIOUS_MOVE = YES;
				CLANG_WARN_UNGUARDED_AVAILABILITY = YES_AGGRESSIVE;
				CLANG_WARN_UNREACHABLE_CODE = YES;
				CLANG_WARN__DUPLICATE_METHOD_MATCH = YES;
				CODE_SIGN_IDENTITY = "iPhone Developer";
				COPY_PHASE_STRIP = NO;
				DEBUG_INFORMATION_FORMAT = dwarf;
				ENABLE_STRICT_OBJC_MSGSEND = YES;
				ENABLE_TESTABILITY = YES;
				GCC_C_LANGUAGE_STANDARD = gnu11;
				GCC_DYNAMIC_NO_PIC = NO;
				GCC_NO_COMMON_BLOCKS = YES;
				GCC_OPTIMIZATION_LEVEL = 0;
				GCC_PREPROCESSOR_DEFINITIONS = (
					"DEBUG=1",
					"$(inherited)",
				);
				GCC_WARN_64_TO_32_BIT_CONVERSION = YES;
				GCC_WARN_ABOUT_RETURN_TYPE = YES_ERROR;
				GCC_WARN_UNDECLARED_SELECTOR = YES;
				GCC_WARN_UNINITIALIZED_AUTOS = YES_AGGRESSIVE;
				GCC_WARN_UNUSED_FUNCTION = YES;
				GCC_WARN_UNUSED_VARIABLE = YES;
				IPHONEOS_DEPLOYMENT_TARGET = 11.4;
				MTL_ENABLE_DEBUG_INFO = YES;
				ONLY_ACTIVE_ARCH = YES;
				SDKROOT = iphoneos;
				SWIFT_ACTIVE_COMPILATION_CONDITIONS = DEBUG;
				SWIFT_OPTIMIZATION_LEVEL = "-Onone";
			};
			name = Debug;
		};
		EBA7FE362109E6FE00BF9F8F /* Release */ = {
			isa = XCBuildConfiguration;
			buildSettings = {
				ALWAYS_SEARCH_USER_PATHS = NO;
				CLANG_ANALYZER_NONNULL = YES;
				CLANG_ANALYZER_NUMBER_OBJECT_CONVERSION = YES_AGGRESSIVE;
				CLANG_CXX_LANGUAGE_STANDARD = "gnu++14";
				CLANG_CXX_LIBRARY = "libc++";
				CLANG_ENABLE_MODULES = YES;
				CLANG_ENABLE_OBJC_ARC = YES;
				CLANG_ENABLE_OBJC_WEAK = YES;
				CLANG_WARN_BLOCK_CAPTURE_AUTORELEASING = YES;
				CLANG_WARN_BOOL_CONVERSION = YES;
				CLANG_WARN_COMMA = YES;
				CLANG_WARN_CONSTANT_CONVERSION = YES;
				CLANG_WARN_DEPRECATED_OBJC_IMPLEMENTATIONS = YES;
				CLANG_WARN_DIRECT_OBJC_ISA_USAGE = YES_ERROR;
				CLANG_WARN_DOCUMENTATION_COMMENTS = YES;
				CLANG_WARN_EMPTY_BODY = YES;
				CLANG_WARN_ENUM_CONVERSION = YES;
				CLANG_WARN_INFINITE_RECURSION = YES;
				CLANG_WARN_INT_CONVERSION = YES;
				CLANG_WARN_NON_LITERAL_NULL_CONVERSION = YES;
				CLANG_WARN_OBJC_IMPLICIT_RETAIN_SELF = YES;
				CLANG_WARN_OBJC_LITERAL_CONVERSION = YES;
				CLANG_WARN_OBJC_ROOT_CLASS = YES_ERROR;
				CLANG_WARN_RANGE_LOOP_ANALYSIS = YES;
				CLANG_WARN_STRICT_PROTOTYPES = YES;
				CLANG_WARN_SUSPICIOUS_MOVE = YES;
				CLANG_WARN_UNGUARDED_AVAILABILITY = YES_AGGRESSIVE;
				CLANG_WARN_UNREACHABLE_CODE = YES;
				CLANG_WARN__DUPLICATE_METHOD_MATCH = YES;
				CODE_SIGN_IDENTITY = "iPhone Developer";
				COPY_PHASE_STRIP = NO;
				DEBUG_INFORMATION_FORMAT = "dwarf-with-dsym";
				ENABLE_NS_ASSERTIONS = NO;
				ENABLE_STRICT_OBJC_MSGSEND = YES;
				GCC_C_LANGUAGE_STANDARD = gnu11;
				GCC_NO_COMMON_BLOCKS = YES;
				GCC_WARN_64_TO_32_BIT_CONVERSION = YES;
				GCC_WARN_ABOUT_RETURN_TYPE = YES_ERROR;
				GCC_WARN_UNDECLARED_SELECTOR = YES;
				GCC_WARN_UNINITIALIZED_AUTOS = YES_AGGRESSIVE;
				GCC_WARN_UNUSED_FUNCTION = YES;
				GCC_WARN_UNUSED_VARIABLE = YES;
				IPHONEOS_DEPLOYMENT_TARGET = 11.4;
				MTL_ENABLE_DEBUG_INFO = NO;
				SDKROOT = iphoneos;
				SWIFT_COMPILATION_MODE = wholemodule;
				SWIFT_OPTIMIZATION_LEVEL = "-O";
				VALIDATE_PRODUCT = YES;
			};
			name = Release;
		};
		EBA7FE382109E6FE00BF9F8F /* Debug */ = {
			isa = XCBuildConfiguration;
			buildSettings = {
				ASSETCATALOG_COMPILER_APPICON_NAME = AppIcon;
				CODE_SIGN_STYLE = Automatic;
				DEVELOPMENT_TEAM = VT8Y7KC4M7;
				INFOPLIST_FILE = ml/Info.plist;
				LD_RUNPATH_SEARCH_PATHS = (
					"$(inherited)",
					"@executable_path/Frameworks",
				);
				PRODUCT_BUNDLE_IDENTIFIER = xyz.chocovayashi.ml;
				PRODUCT_NAME = "$(TARGET_NAME)";
				SWIFT_VERSION = 4.0;
				TARGETED_DEVICE_FAMILY = "1,2";
			};
			name = Debug;
		};
		EBA7FE392109E6FE00BF9F8F /* Release */ = {
			isa = XCBuildConfiguration;
			buildSettings = {
				ASSETCATALOG_COMPILER_APPICON_NAME = AppIcon;
				CODE_SIGN_STYLE = Automatic;
				DEVELOPMENT_TEAM = VT8Y7KC4M7;
				INFOPLIST_FILE = ml/Info.plist;
				LD_RUNPATH_SEARCH_PATHS = (
					"$(inherited)",
					"@executable_path/Frameworks",
				);
				PRODUCT_BUNDLE_IDENTIFIER = xyz.chocovayashi.ml;
				PRODUCT_NAME = "$(TARGET_NAME)";
				SWIFT_VERSION = 4.0;
				TARGETED_DEVICE_FAMILY = "1,2";
			};
			name = Release;
		};
/* End XCBuildConfiguration section */

/* Begin XCConfigurationList section */
		EBA7FE202109E6FD00BF9F8F /* Build configuration list for PBXProject "ml" */ = {
			isa = XCConfigurationList;
			buildConfigurations = (
				EBA7FE352109E6FE00BF9F8F /* Debug */,
				EBA7FE362109E6FE00BF9F8F /* Release */,
			);
			defaultConfigurationIsVisible = 0;
			defaultConfigurationName = Release;
		};
		EBA7FE372109E6FE00BF9F8F /* Build configuration list for PBXNativeTarget "ml" */ = {
			isa = XCConfigurationList;
			buildConfigurations = (
				EBA7FE382109E6FE00BF9F8F /* Debug */,
				EBA7FE392109E6FE00BF9F8F /* Release */,
			);
			defaultConfigurationIsVisible = 0;
			defaultConfigurationName = Release;
		};
/* End XCConfigurationList section */
	};
	rootObject = EBA7FE1D2109E6FD00BF9F8F /* Project object */;
}
